
Microsoft Visual Studio Solution File, Format Version 12.00
# Visual Studio Version 17
VisualStudioVersion = 17.5.33414.496
MinimumVisualStudioVersion = 10.0.40219.1
Project("{9A19103F-16F7-4668-BE54-9A1E7A4F7556}") = "MySudoku", "MySudoku.csproj", "{00898965-E0BF-4EDB-8157-C6BDC006F135}"
EndProject
Project("{FAE04EC0-301F-11D3-BF4B-00C04F79EFBC}") = "MyAPI", "..\MyAPI\MyAPI.csproj", "{D0DA3AE9-7F5E-42F7-8621-70B67DFEB211}"
EndProject
Global
	GlobalSection(SolutionConfigurationPlatforms) = preSolution
		Debug|Any CPU = Debug|Any CPU
		Release|Any CPU = Release|Any CPU
	EndGlobalSection
	GlobalSection(ProjectConfigurationPlatforms) = postSolution
		{00898965-E0BF-4EDB-8157-C6BDC006F135}.Debug|Any CPU.ActiveCfg = Debug|Any CPU
		{00898965-E0BF-4EDB-8157-C6BDC006F135}.Debug|Any CPU.Build.0 = Debug|Any CPU
		{00898965-E0BF-4EDB-8157-C6BDC006F135}.Release|Any CPU.ActiveCfg = Release|Any CPU
		{00898965-E0BF-4EDB-8157-C6BDC006F135}.Release|Any CPU.Build.0 = Release|Any CPU
		{D0DA3AE9-7F5E-42F7-8621-70B67DFEB211}.Debug|Any CPU.ActiveCfg = Debug|Any CPU
		{D0DA3AE9-7F5E-42F7-8621-70B67DFEB211}.Debug|Any CPU.Build.0 = Debug|Any CPU
		{D0DA3AE9-7F5E-42F7-8621-70B67DFEB211}.Release|Any CPU.ActiveCfg = Release|Any CPU
		{D0DA3AE9-7F5E-42F7-8621-70B67DFEB211}.Release|Any CPU.Build.0 = Release|Any CPU
	EndGlobalSection
	GlobalSection(SolutionProperties) = preSolution
		HideSolutionNode = FALSE
	EndGlobalSection
	GlobalSection(ExtensibilityGlobals) = postSolution
		SolutionGuid = {334D5AE5-BD48-467C-BE31-ACED3B7CB7E1}
	EndGlobalSection
EndGlobal
